<?xml version="1.0" encoding="utf-8"?>
<Project ToolsVersion="4.0" xmlns="http://schemas.microsoft.com/developer/msbuild/2003">
  <ItemGroup>
    <Filter Include="Source Files">
      <UniqueIdentifier>{4FC737F1-C7A5-4376-A066-2A32D752A2FF}</UniqueIdentifier>
      <Extensions>cpp;c;cc;cxx;def;odl;idl;hpj;bat;asm;asmx</Extensions>
    </Filter>
    <Filter Include="Header Files">
      <UniqueIdentifier>{93995380-89BD-4b04-88EB-625FBE52EBFB}</UniqueIdentifier>
      <Extensions>h;hh;hpp;hxx;hm;inl;inc;ipp;xsd</Extensions>
    </Filter>
    <Filter Include="Resource Files">
      <UniqueIdentifier>{67DA6AB6-F800-4c08-8B7A-83BB121AAD01}</UniqueIdentifier>
      <Extensions>rc;ico;cur;bmp;dlg;rc2;rct;bin;rgs;gif;jpg;jpeg;jpe;resx;tiff;tif;png;wav;mfcribbon-ms</Extensions>
    </Filter>
  </ItemGroup>
  <ItemGroup>
    <ClInclude Include="..\..\AdvancesSinInterfaz\Casilla.h">
      <Filter>Header Files</Filter>
    </ClInclude>
    <ClInclude Include="..\..\AdvancesSinInterfaz\ColaHistorial.h">
      <Filter>Header Files</Filter>
    </ClInclude>
    <ClInclude Include="..\..\AdvancesSinInterfaz\ColaJugadores.h">
      <Filter>Header Files</Filter>
    </ClInclude>
    <ClInclude Include="..\..\AdvancesSinInterfaz\Colas.h">
      <Filter>Header Files</Filter>
    </ClInclude>
    <ClInclude Include="..\..\AdvancesSinInterfaz\Enums.h">
      <Filter>Header Files</Filter>
    </ClInclude>
    <ClInclude Include="..\..\AdvancesSinInterfaz\FilaUnidades.h">
      <Filter>Header Files</Filter>
    </ClInclude>
    <ClInclude Include="..\..\AdvancesSinInterfaz\Juego.h">
      <Filter>Header Files</Filter>
    </ClInclude>
    <ClInclude Include="..\..\AdvancesSinInterfaz\Jugador.h">
      <Filter>Header Files</Filter>
    </ClInclude>
    <ClInclude Include="..\..\AdvancesSinInterfaz\Lista.h">
      <Filter>Header Files</Filter>
    </ClInclude>
    <ClInclude Include="..\..\AdvancesSinInterfaz\ListaHistorial.h">
      <Filter>Header Files</Filter>
    </ClInclude>
    <ClInclude Include="..\..\AdvancesSinInterfaz\ListaJugadores.h">
      <Filter>Header Files</Filter>
    </ClInclude>
    <ClInclude Include="..\..\AdvancesSinInterfaz\NodoHistorial.h">
      <Filter>Header Files</Filter>
    </ClInclude>
    <ClInclude Include="..\..\AdvancesSinInterfaz\pila.h">
      <Filter>Header Files</Filter>
    </ClInclude>
    <ClInclude Include="..\..\AdvancesSinInterfaz\PilaHistorial.h">
      <Filter>Header Files</Filter>
    </ClInclude>
    <ClInclude Include="..\..\AdvancesSinInterfaz\targetver.h">
      <Filter>Header Files</Filter>
    </ClInclude>
    <ClInclude Include="..\..\AdvancesSinInterfaz\stdafx.h">
      <Filter>Header Files</Filter>
    </ClInclude>
    <ClInclude Include="..\..\AdvancesSinInterfaz\Unidad.h">
      <Filter>Header Files</Filter>
    </ClInclude>
    <ClInclude Include="..\..\AdvancesSinInterfaz\PilaUnidades.h">
      <Filter>Header Files</Filter>
    </ClInclude>
    <ClInclude Include="..\..\AdvancesSinInterfaz\PilaJugadores.h">
      <Filter>Header Files</Filter>
    </ClInclude>
    <ClInclude Include="..\..\AdvancesSinInterfaz\ColaUnidades.h">
      <Filter>Header Files</Filter>
    </ClInclude>
    <ClInclude Include="..\..\AdvancesSinInterfaz\ListaUnidades.h">
      <Filter>Header Files</Filter>
    </ClInclude>
  </ItemGroup>
  <ItemGroup>
    <ClCompile Include="..\..\AdvancesSinInterfaz\AdvancesSinInterfaz.cpp">
      <Filter>Source Files</Filter>
    </ClCompile>
    <ClCompile Include="..\..\AdvancesSinInterfaz\Casilla.cpp">
      <Filter>Source Files</Filter>
    </ClCompile>
    <ClCompile Include="..\..\AdvancesSinInterfaz\ColaHistorial.cpp">
      <Filter>Source Files</Filter>
    </ClCompile>
    <ClCompile Include="..\..\AdvancesSinInterfaz\ColaJugadores.cpp">
      <Filter>Source Files</Filter>
    </ClCompile>
    <ClCompile Include="..\..\AdvancesSinInterfaz\ColaUnidades.cpp">
      <Filter>Source Files</Filter>
    </ClCompile>
    <ClCompile Include="..\..\AdvancesSinInterfaz\Colas.cpp">
      <Filter>Source Files</Filter>
    </ClCompile>
    <ClCompile Include="..\..\AdvancesSinInterfaz\FilaUnidades.cpp">
      <Filter>Source Files</Filter>
    </ClCompile>
    <ClCompile Include="..\..\AdvancesSinInterfaz\Juego.cpp">
      <Filter>Source Files</Filter>
    </ClCompile>
    <ClCompile Include="..\..\AdvancesSinInterfaz\Jugador.cpp">
      <Filter>Source Files</Filter>
    </ClCompile>
    <ClCompile Include="..\..\AdvancesSinInterfaz\Lista.cpp">
      <Filter>Source Files</Filter>
    </ClCompile>
    <ClCompile Include="..\..\AdvancesSinInterfaz\ListaHistorial.cpp">
      <Filter>Source Files</Filter>
    </ClCompile>
    <ClCompile Include="..\..\AdvancesSinInterfaz\ListaJugadores.cpp">
      <Filter>Source Files</Filter>
    </ClCompile>
    <ClCompile Include="..\..\AdvancesSinInterfaz\ListaUnidades.cpp">
      <Filter>Source Files</Filter>
    </ClCompile>
    <ClCompile Include="..\..\AdvancesSinInterfaz\NodoHistorial.cpp">
      <Filter>Source Files</Filter>
    </ClCompile>
    <ClCompile Include="..\..\AdvancesSinInterfaz\NodoJugadores.cpp">
      <Filter>Source Files</Filter>
    </ClCompile>
    <ClCompile Include="..\..\AdvancesSinInterfaz\NodoUnidades.cpp">
      <Filter>Source Files</Filter>
    </ClCompile>
    <ClCompile Include="..\..\AdvancesSinInterfaz\PilaJugadores.cpp">
      <Filter>Source Files</Filter>
    </ClCompile>
    <ClCompile Include="..\..\AdvancesSinInterfaz\PilaHistorial.cpp">
      <Filter>Source Files</Filter>
    </ClCompile>
    <ClCompile Include="..\..\AdvancesSinInterfaz\PilaUnidades.cpp">
      <Filter>Source Files</Filter>
    </ClCompile>
    <ClCompile Include="..\..\AdvancesSinInterfaz\stdafx.cpp">
      <Filter>Source Files</Filter>
    </ClCompile>
    <ClCompile Include="..\..\AdvancesSinInterfaz\Unidad.cpp">
      <Filter>Source Files</Filter>
    </ClCompile>
  </ItemGroup>
</Project>