<?xml version="1.0" encoding="utf-8"?>
<Project ToolsVersion="4.0" xmlns="http://schemas.microsoft.com/developer/msbuild/2003">
  <ItemGroup>
    <Filter Include="Source Files">
      <UniqueIdentifier>{4FC737F1-C7A5-4376-A066-2A32D752A2FF}</UniqueIdentifier>
      <Extensions>cpp;c;cc;cxx;def;odl;idl;hpj;bat;asm;asmx</Extensions>
    </Filter>
    <Filter Include="Header Files">
      <UniqueIdentifier>{93995380-89BD-4b04-88EB-625FBE52EBFB}</UniqueIdentifier>
      <Extensions>h;hh;hpp;hxx;hm;inl;inc;ipp;xsd</Extensions>
    </Filter>
    <Filter Include="Resource Files">
      <UniqueIdentifier>{67DA6AB6-F800-4c08-8B7A-83BB121AAD01}</UniqueIdentifier>
      <Extensions>rc;ico;cur;bmp;dlg;rc2;rct;bin;rgs;gif;jpg;jpeg;jpe;resx;tiff;tif;png;wav;mfcribbon-ms</Extensions>
    </Filter>
  </ItemGroup>
  <ItemGroup>
    <ClInclude Include="stdafx.h">
      <Filter>Header Files</Filter>
    </ClInclude>
    <ClInclude Include="targetver.h">
      <Filter>Header Files</Filter>
    </ClInclude>
    <ClInclude Include="Unidad.h">
      <Filter>Header Files</Filter>
    </ClInclude>
    <ClInclude Include="Enums.h">
      <Filter>Source Files</Filter>
    </ClInclude>
    <ClInclude Include="Jugador.h">
      <Filter>Header Files</Filter>
    </ClInclude>
    <ClInclude Include="Casilla.h">
      <Filter>Header Files</Filter>
    </ClInclude>
    <ClInclude Include="Colas.h">
      <Filter>Header Files</Filter>
    </ClInclude>
    <ClInclude Include="Lista.h">
      <Filter>Header Files</Filter>
    </ClInclude>
    <ClInclude Include="PilaUnidades.h">
      <Filter>Header Files</Filter>
    </ClInclude>
    <ClInclude Include="NodoUnidades.h">
      <Filter>Header Files</Filter>
    </ClInclude>
    <ClInclude Include="NodoHistorial.h">
      <Filter>Header Files</Filter>
    </ClInclude>
    <ClInclude Include="ColaUnidades.h">
      <Filter>Header Files</Filter>
    </ClInclude>
    <ClInclude Include="ColaHistorial.h">
      <Filter>Header Files</Filter>
    </ClInclude>
    <ClInclude Include="ListaUnidades.h">
      <Filter>Header Files</Filter>
    </ClInclude>
    <ClInclude Include="ListaHistorial.h">
      <Filter>Header Files</Filter>
    </ClInclude>
    <ClInclude Include="Juego.h">
      <Filter>Header Files</Filter>
    </ClInclude>
    <ClInclude Include="PilaHistorial.h">
      <Filter>Header Files</Filter>
    </ClInclude>
    <ClInclude Include="Pila.h">
      <Filter>Header Files</Filter>
    </ClInclude>
    <ClInclude Include="Historial.h">
      <Filter>Header Files</Filter>
    </ClInclude>
  </ItemGroup>
  <ItemGroup>
    <ClCompile Include="stdafx.cpp">
      <Filter>Source Files</Filter>
    </ClCompile>
    <ClCompile Include="AdvancesSinInterfaz.cpp">
      <Filter>Source Files</Filter>
    </ClCompile>
    <ClCompile Include="Unidad.cpp">
      <Filter>Source Files</Filter>
    </ClCompile>
    <ClCompile Include="Jugador.cpp">
      <Filter>Source Files</Filter>
    </ClCompile>
    <ClCompile Include="Casilla.cpp">
      <Filter>Source Files</Filter>
    </ClCompile>
    <ClCompile Include="NodoUnidades.cpp">
      <Filter>Source Files</Filter>
    </ClCompile>
    <ClCompile Include="NodoHistorial.cpp">
      <Filter>Source Files</Filter>
    </ClCompile>
    <ClCompile Include="ListaUnidades.cpp">
      <Filter>Source Files</Filter>
    </ClCompile>
    <ClCompile Include="ListaHistorial.cpp">
      <Filter>Source Files</Filter>
    </ClCompile>
    <ClCompile Include="Juego.cpp">
      <Filter>Source Files</Filter>
    </ClCompile>
    <ClCompile Include="Historial.cpp">
      <Filter>Source Files</Filter>
    </ClCompile>
  </ItemGroup>
</Project>